
Microsoft Visual Studio Solution File, Format Version 12.00
# Visual Studio Version 16
VisualStudioVersion = 16.0.29503.13
MinimumVisualStudioVersion = 10.0.40219.1
Project("{FAE04EC0-301F-11D3-BF4B-00C04F79EFBC}") = "Coding Challenge", "Coding Challenge\Coding Challenge.csproj", "{D09B5CC0-AB30-4275-83F1-434CBD036D62}"
	ProjectSection(ProjectDependencies) = postProject
		{5F55BC8F-C55E-49C0-8DE9-D8EABD4D7B8F} = {5F55BC8F-C55E-49C0-8DE9-D8EABD4D7B8F}
	EndProjectSection
EndProject
Project("{FAE04EC0-301F-11D3-BF4B-00C04F79EFBC}") = "DataAccess", "DataAccess\DataAccess.csproj", "{5F55BC8F-C55E-49C0-8DE9-D8EABD4D7B8F}"
EndProject
Global
	GlobalSection(SolutionConfigurationPlatforms) = preSolution
		Debug|Any CPU = Debug|Any CPU
		Release|Any CPU = Release|Any CPU
	EndGlobalSection
	GlobalSection(ProjectConfigurationPlatforms) = postSolution
		{D09B5CC0-AB30-4275-83F1-434CBD036D62}.Debug|Any CPU.ActiveCfg = Debug|Any CPU
		{D09B5CC0-AB30-4275-83F1-434CBD036D62}.Debug|Any CPU.Build.0 = Debug|Any CPU
		{D09B5CC0-AB30-4275-83F1-434CBD036D62}.Release|Any CPU.ActiveCfg = Release|Any CPU
		{D09B5CC0-AB30-4275-83F1-434CBD036D62}.Release|Any CPU.Build.0 = Release|Any CPU
		{5F55BC8F-C55E-49C0-8DE9-D8EABD4D7B8F}.Debug|Any CPU.ActiveCfg = Debug|Any CPU
		{5F55BC8F-C55E-49C0-8DE9-D8EABD4D7B8F}.Debug|Any CPU.Build.0 = Debug|Any CPU
		{5F55BC8F-C55E-49C0-8DE9-D8EABD4D7B8F}.Release|Any CPU.ActiveCfg = Release|Any CPU
		{5F55BC8F-C55E-49C0-8DE9-D8EABD4D7B8F}.Release|Any CPU.Build.0 = Release|Any CPU
	EndGlobalSection
	GlobalSection(SolutionProperties) = preSolution
		HideSolutionNode = FALSE
	EndGlobalSection
	GlobalSection(ExtensibilityGlobals) = postSolution
		SolutionGuid = {B7388FA4-EF6A-49BA-9F07-C95D975A6672}
	EndGlobalSection
EndGlobal
